
Microsoft Visual Studio Solution File, Format Version 12.00
# Visual Studio Version 16
VisualStudioVersion = 16.0.30804.86
MinimumVisualStudioVersion = 10.0.40219.1
Project("{FAE04EC0-301F-11D3-BF4B-00C04F79EFBC}") = "Nite Opps", "Nite Opps\Nite Opps.csproj", "{623CDD8A-35BE-4771-BF7E-9C78C90C9C6B}"
EndProject
Project("{FAE04EC0-301F-11D3-BF4B-00C04F79EFBC}") = "guider", "..\..\phd2client\cs\guider\guider.csproj", "{F19CEFB2-9FCB-4E65-9DC0-E5F3808DD663}"
EndProject
Global
	GlobalSection(SolutionConfigurationPlatforms) = preSolution
		Debug|Any CPU = Debug|Any CPU
		Debug|x64 = Debug|x64
		Debug|x86 = Debug|x86
		Release|Any CPU = Release|Any CPU
		Release|x64 = Release|x64
		Release|x86 = Release|x86
	EndGlobalSection
	GlobalSection(ProjectConfigurationPlatforms) = postSolution
		{623CDD8A-35BE-4771-BF7E-9C78C90C9C6B}.Debug|Any CPU.ActiveCfg = Debug|x86
		{623CDD8A-35BE-4771-BF7E-9C78C90C9C6B}.Debug|x64.ActiveCfg = Debug|x64
		{623CDD8A-35BE-4771-BF7E-9C78C90C9C6B}.Debug|x64.Build.0 = Debug|x64
		{623CDD8A-35BE-4771-BF7E-9C78C90C9C6B}.Debug|x86.ActiveCfg = Debug|x86
		{623CDD8A-35BE-4771-BF7E-9C78C90C9C6B}.Debug|x86.Build.0 = Debug|x86
		{623CDD8A-35BE-4771-BF7E-9C78C90C9C6B}.Release|Any CPU.ActiveCfg = Release|x86
		{623CDD8A-35BE-4771-BF7E-9C78C90C9C6B}.Release|x64.ActiveCfg = Release|x64
		{623CDD8A-35BE-4771-BF7E-9C78C90C9C6B}.Release|x64.Build.0 = Release|x64
		{623CDD8A-35BE-4771-BF7E-9C78C90C9C6B}.Release|x86.ActiveCfg = Release|x86
		{623CDD8A-35BE-4771-BF7E-9C78C90C9C6B}.Release|x86.Build.0 = Release|x86
		{F19CEFB2-9FCB-4E65-9DC0-E5F3808DD663}.Debug|Any CPU.ActiveCfg = Debug|Any CPU
		{F19CEFB2-9FCB-4E65-9DC0-E5F3808DD663}.Debug|Any CPU.Build.0 = Debug|Any CPU
		{F19CEFB2-9FCB-4E65-9DC0-E5F3808DD663}.Debug|x64.ActiveCfg = Debug|x64
		{F19CEFB2-9FCB-4E65-9DC0-E5F3808DD663}.Debug|x64.Build.0 = Debug|x64
		{F19CEFB2-9FCB-4E65-9DC0-E5F3808DD663}.Debug|x86.ActiveCfg = Debug|x86
		{F19CEFB2-9FCB-4E65-9DC0-E5F3808DD663}.Debug|x86.Build.0 = Debug|x86
		{F19CEFB2-9FCB-4E65-9DC0-E5F3808DD663}.Release|Any CPU.ActiveCfg = Release|Any CPU
		{F19CEFB2-9FCB-4E65-9DC0-E5F3808DD663}.Release|Any CPU.Build.0 = Release|Any CPU
		{F19CEFB2-9FCB-4E65-9DC0-E5F3808DD663}.Release|x64.ActiveCfg = Release|x64
		{F19CEFB2-9FCB-4E65-9DC0-E5F3808DD663}.Release|x64.Build.0 = Release|x64
		{F19CEFB2-9FCB-4E65-9DC0-E5F3808DD663}.Release|x86.ActiveCfg = Release|Any CPU
		{F19CEFB2-9FCB-4E65-9DC0-E5F3808DD663}.Release|x86.Build.0 = Release|Any CPU
	EndGlobalSection
	GlobalSection(SolutionProperties) = preSolution
		HideSolutionNode = FALSE
	EndGlobalSection
	GlobalSection(ExtensibilityGlobals) = postSolution
		SolutionGuid = {EEF7670E-6894-4D21-BA8B-5BBAEF78499A}
	EndGlobalSection
EndGlobal
