
Microsoft Visual Studio Solution File, Format Version 11.00
# Visual Studio 2010
Project("{FAE04EC0-301F-11D3-BF4B-00C04F79EFBC}") = "Nite Opps", "Nite Opps\Nite Opps.csproj", "{623CDD8A-35BE-4771-BF7E-9C78C90C9C6B}"
EndProject
Global
	GlobalSection(SolutionConfigurationPlatforms) = preSolution
		Debug|x86 = Debug|x86
		Release|x86 = Release|x86
	EndGlobalSection
	GlobalSection(ProjectConfigurationPlatforms) = postSolution
		{623CDD8A-35BE-4771-BF7E-9C78C90C9C6B}.Debug|x86.ActiveCfg = Debug|x86
		{623CDD8A-35BE-4771-BF7E-9C78C90C9C6B}.Debug|x86.Build.0 = Debug|x86
		{623CDD8A-35BE-4771-BF7E-9C78C90C9C6B}.Release|x86.ActiveCfg = Release|x86
		{623CDD8A-35BE-4771-BF7E-9C78C90C9C6B}.Release|x86.Build.0 = Release|x86
	EndGlobalSection
	GlobalSection(SolutionProperties) = preSolution
		HideSolutionNode = FALSE
	EndGlobalSection
EndGlobal
